github.com/aws/aws-sdk-go-v2 v1.37.1 h1:SMUxeNz3Z6nqGsXv0JuJXc8w5YMtrQMuIBmDx//bBDY=
github.com/aws/aws-sdk-go-v2 v1.37.1/go.mod h1:9Q0OoGQoboYIAJyslFyF1f5K1Ryddop8gqMhWx/n4Wg=
github.com/aws/aws-sdk-go-v2/aws/protocol/eventstream v1.6.11 h1:12SpdwU8Djs+YGklkinSSlcrPyj3H4VifVsKf78KbwA=
github.com/aws/aws-sdk-go-v2/aws/protocol/eventstream v1.6.11/go.mod h1:dd+Lkp6YmMryke+qxW/VnKyhMBDTYP41Q2Bb+6gNZgY=
github.com/aws/aws-sdk-go-v2/config v1.29.14 h1:f+eEi/2cKCg9pqKBoAIwRGzVb70MRKqWX4dg1BDcSJM=
github.com/aws/aws-sdk-go-v2/config v1.29.14/go.mod h1:wVPHWcIFv3WO89w0rE10gzf17ZYy+UVS1Geq8Iei34g=
github.com/aws/aws-sdk-go-v2/credentials v1.17.67 h1:9KxtdcIA/5xPNQyZRgUSpYOE6j9Bc4+D7nZua0KGYOM=
github.com/aws/aws-sdk-go-v2/credentials v1.17.67/go.mod h1:p3C44m+cfnbv763s52gCqrjaqyPikj9Sg47kUVaNZQQ=
github.com/aws/aws-sdk-go-v2/feature/ec2/imds v1.16.30 h1:x793wxmUWVDhshP8WW2mlnXuFrO4cOd3HLBroh1paFw=
github.com/aws/aws-sdk-go-v2/feature/ec2/imds v1.16.30/go.mod h1:Jpne2tDnYiFascUEs2AWHJL9Yp7A5ZVy3TNyxaAjD6M=
github.com/aws/aws-sdk-go-v2/internal/configsources v1.4.1 h1:ksZXBYv80EFTcgc8OJO48aQ8XDWXIQL7gGasPeCoTzI=
github.com/aws/aws-sdk-go-v2/internal/configsources v1.4.1/go.mod h1:HSksQyyJETVZS7uM54cir0IgxttTD+8aEoJMPGepHBI=
github.com/aws/aws-sdk-go-v2/internal/endpoints/v2 v2.7.1 h1:+dn/xF/05utS7tUhjIcndbuaPjfll2LhbH1cCDGLYUQ=
github.com/aws/aws-sdk-go-v2/internal/endpoints/v2 v2.7.1/go.mod h1:hyAGz30LHdm5KBZDI58MXx5lDVZ5CUfvfTZvMu4HCZo=
github.com/aws/aws-sdk-go-v2/internal/ini v1.8.3 h1:bIqFDwgGXXN1Kpp99pDOdKMTTb5d2KyU5X/BZxjOkRo=
github.com/aws/aws-sdk-go-v2/internal/ini v1.8.3/go.mod h1:H5O/EsxDWyU+LP/V8i5sm8cxoZgc2fdNR9bxlOFrQTo=
github.com/aws/aws-sdk-go-v2/internal/v4a v1.3.37 h1:XTZZ0I3SZUHAtBLBU6395ad+VOblE0DwQP6MuaNeics=
github.com/aws/aws-sdk-go-v2/internal/v4a v1.3.37/go.mod h1:Pi6ksbniAWVwu2S8pEzcYPyhUkAcLaufxN7PfAUQjBk=
github.com/aws/aws-sdk-go-v2/service/internal/accept-encoding v1.12.4 h1:CXV68E2dNqhuynZJPB80bhPQwAKqBWVer887figW6Jc=
github.com/aws/aws-sdk-go-v2/service/internal/accept-encoding v1.12.4/go.mod h1:/xFi9KtvBXP97ppCz1TAEvU1Uf66qvid89rbem3wCzQ=
github.com/aws/aws-sdk-go-v2/service/internal/checksum v1.7.5 h1:M5/B8JUaCI8+9QD+u3S/f4YHpvqE9RpSkV3rf0Iks2w=
github.com/aws/aws-sdk-go-v2/service/internal/checksum v1.7.5/go.mod h1:Bktzci1bwdbpuLiu3AOksiNPMl/LLKmX1TWmqp2xbvs=
github.com/aws/aws-sdk-go-v2/service/internal/presigned-url v1.12.18 h1:vvbXsA2TVO80/KT7ZqCbx934dt6PY+vQ8hZpUZ/cpYg=
github.com/aws/aws-sdk-go-v2/service/internal/presigned-url v1.12.18/go.mod h1:m2JJHledjBGNMsLOF1g9gbAxprzq3KjC8e4lxtn+eWg=
github.com/aws/aws-sdk-go-v2/service/internal/s3shared v1.18.18 h1:OS2e0SKqsU2LiJPqL8u9x41tKc6MMEHrWjLVLn3oysg=
github.com/aws/aws-sdk-go-v2/service/internal/s3shared v1.18.18/go.mod h1:+Yrk+MDGzlNGxCXieljNeWpoZTCQUQVL+Jk9hGGJ8qM=
github.com/aws/aws-sdk-go-v2/service/s3 v1.84.1 h1:RkHXU9jP0DptGy7qKI8CBGsUJruWz0v5IgwBa2DwWcU=
github.com/aws/aws-sdk-go-v2/service/s3 v1.84.1/go.mod h1:3xAOf7tdKF+qbb+XpU+EPhNXAdun3Lu1RcDrj8KC24I=
github.com/aws/aws-sdk-go-v2/service/ssm v1.61.1 h1:Pu5hveFc6RslFZP61W5SEMOoPd6RR2yrOu11ZxCkr+Y=
github.com/aws/aws-sdk-go-v2/service/ssm v1.61.1/go.mod h1:8OOmGP4EK2O8eJIKIgTUXTfznuhC1BBarYzb+B5ep44=
github.com/aws/aws-sdk-go-v2/service/sso v1.25.3 h1:1Gw+9ajCV1jogloEv1RRnvfRFia2cL6c9cuKV2Ps+G8=
github.com/aws/aws-sdk-go-v2/service/sso v1.25.3/go.mod h1:qs4a9T5EMLl/Cajiw2TcbNt2UNo/Hqlyp+GiuG4CFDI=
github.com/aws/aws-sdk-go-v2/service/ssooidc v1.30.1 h1:hXmVKytPfTy5axZ+fYbR5d0cFmC3JvwLm5kM83luako=
github.com/aws/aws-sdk-go-v2/service/ssooidc v1.30.1/go.mod h1:MlYRNmYu/fGPoxBQVvBYr9nyr948aY/WLUvwBMBJubs=
github.com/aws/aws-sdk-go-v2/service/sts v1.33.19 h1:1XuUZ8mYJw9B6lzAkXhqHlJd/XvaX32evhproijJEZY=
github.com/aws/aws-sdk-go-v2/service/sts v1.33.19/go.mod h1:cQnB8CUnxbMU82JvlqjKR2HBOm3fe9pWorWBza6MBJ4=
github.com/aws/smithy-go v1.22.5 h1:P9ATCXPMb2mPjYBgueqJNCA5S9UfktsW0tTxi+a7eqw=
github.com/aws/smithy-go v1.22.5/go.mod h1:t1ufH5HMublsJYulve2RKmHDC15xu1f26kHCp/HgceI=
github.com/cpuguy83/go-md2man/v2 v2.0.6/go.mod h1:oOW0eioCTA6cOiMLiUPZOpcVxMig6NIQQ7OS05n1F4g=
github.com/davecgh/go-spew v1.1.1 h1:vj9j/u1bqnvCEfJOwUhtlOARqs3+rkHYY13jYWTU97c=
github.com/davecgh/go-spew v1.1.1/go.mod h1:J7Y8YcW2NihsgmVo/mv3lAwl/skON4iLHjSsI+c5H38=
github.com/go-logr/logr v1.4.2 h1:6pFjapn8bFcIbiKo3XT4j/BhANplGihG6tvd+8rYgrY=
github.com/go-logr/logr v1.4.2/go.mod h1:9T104GzyrTigFIr8wt5mBrctHMim0Nb2HLGrmQ40KvY=
github.com/go-task/slim-sprig/v3 v3.0.0 h1:sUs3vkvUymDpBKi3qH1YSqBQk9+9D/8M2mN1vB6EwHI=
github.com/go-task/slim-sprig/v3 v3.0.0/go.mod h1:W848ghGpv3Qj3dhTPRyJypKRiqCdHZiAzKg9hl15HA8=
github.com/golang/mock v1.6.0 h1:ErTB+efbowRARo13NNdxyJji2egdxLGQhRaY+DUumQc=
github.com/golang/mock v1.6.0/go.mod h1:p6yTPP+5HYm5mzsMV8JkE6ZKdX+/wYM6Hr+LicevLPs=
github.com/google/go-cmp v0.7.0 h1:wk8382ETsv4JYUZwIsn6YpYiWiBsYLSJiTsyBybVuN8=
github.com/google/go-cmp v0.7.0/go.mod h1:pXiqmnSA92OHEEa9HXL2W4E7lf9JzCmGVUdgjX3N/iU=
github.com/google/pprof v0.0.0-20250403155104-27863c87afa6 h1:BHT72Gu3keYf3ZEu2J0b1vyeLSOYI8bm5wbJM/8yDe8=
github.com/google/pprof v0.0.0-20250403155104-27863c87afa6/go.mod h1:boTsfXsheKC2y+lKOCMpSfarhxDeIzfZG1jqGcPl3cA=
github.com/inconshreveable/mousetrap v1.1.0 h1:wN+x4NVGpMsO7ErUn/mUI3vEoE6Jt13X2s0bqwp9tc8=
github.com/inconshreveable/mousetrap v1.1.0/go.mod h1:vpF70FUmC8bwa3OWnCshd2FqLfsEA9PFc4w1p2J65bw=
github.com/kr/pretty v0.1.0 h1:L/CwN0zerZDmRFUapSPitk6f+Q3+0za1rQkzVuMiMFI=
github.com/kr/pretty v0.1.0/go.mod h1:dAy3ld7l9f0ibDNOQOHHMYYIIbhfbHSm3C4ZsoJORNo=
github.com/kr/text v0.2.0 h1:5Nx0Ya0ZqY2ygV366QzturHI13Jq95ApcVaJBhpS+AY=
github.com/kr/text v0.2.0/go.mod h1:eLer722TekiGuMkidMxC/pM04lWEeraHUUmBw8l2grE=
github.com/onsi/ginkgo/v2 v2.23.4 h1:ktYTpKJAVZnDT4VjxSbiBenUjmlL/5QkBEocaWXiQus=
github.com/onsi/ginkgo/v2 v2.23.4/go.mod h1:Bt66ApGPBFzHyR+JO10Zbt0Gsp4uWxu5mIOTusL46e8=
github.com/onsi/gomega v1.36.3 h1:hID7cr8t3Wp26+cYnfcjR6HpJ00fdogN6dqZ1t6IylU=
github.com/onsi/gomega v1.36.3/go.mod h1:8D9+Txp43QWKhM24yyOBEdpkzN8FvJyAwecBgsU4KU0=
github.com/pmezard/go-difflib v1.0.0 h1:4DBwDE0NGyQoBHbLQYPwSUPoCMWR5BEzIk/f1lZbAQM=
github.com/pmezard/go-difflib v1.0.0/go.mod h1:iKH77koFhYxTK1pcRnkKkqfTogsbg7gZNVY4sRDYZ/4=
github.com/prashantv/gostub v1.1.0 h1:BTyx3RfQjRHnUWaGF9oQos79AlQ5k8WNktv7VGvVH4g=
github.com/prashantv/gostub v1.1.0/go.mod h1:A5zLQHz7ieHGG7is6LLXLz7I8+3LZzsrV0P1IAHhP5U=
github.com/russross/blackfriday/v2 v2.1.0/go.mod h1:+Rmxgy9KzJVeS9/2gXHxylqXiyQDYRxCVz55jmeOWTM=
github.com/spf13/cobra v1.9.1 h1:CXSaggrXdbHK9CF+8ywj8Amf7PBRmPCOJugH954Nnlo=
github.com/spf13/cobra v1.9.1/go.mod h1:nDyEzZ8ogv936Cinf6g1RU9MRY64Ir93oCnqb9wxYW0=
github.com/spf13/pflag v1.0.6 h1:jFzHGLGAlb3ruxLB8MhbI6A8+AQX/2eW4qeyNZXNp2o=
github.com/spf13/pflag v1.0.6/go.mod h1:McXfInJRrz4CZXVZOBLb0bTZqETkiAhM9Iw0y3An2Bg=
github.com/stretchr/testify v1.9.0 h1:HtqpIVDClZ4nwg75+f6Lvsy/wHu+3BoSGCbBAcpTsTg=
github.com/stretchr/testify v1.9.0/go.mod h1:r2ic/lqez/lEtzL7wO/rwa5dbSLXVDPFyf8C91i36aY=
github.com/yuin/goldmark v1.3.5/go.mod h1:mwnBkeHKe2W/ZEtQ+71ViKU8L12m81fl3OWwC1Zlc8k=
go.uber.org/automaxprocs v1.6.0 h1:O3y2/QNTOdbF+e/dpXNNW7Rx2hZ4sTIPyybbxyNqTUs=
go.uber.org/automaxprocs v1.6.0/go.mod h1:ifeIMSnPZuznNm6jmdzmU3/bfk01Fe2fotchwEFJ8r8=
golang.org/x/crypto v0.0.0-20190308221718-c2843e01d9a2/go.mod h1:djNgcEr1/C05ACkg1iLfiJU5Ep61QUkGW8qpdssI0+w=
golang.org/x/crypto v0.0.0-20191011191535-87dc89f01550/go.mod h1:yigFU9vqHzYiE8UmvKecakEJjdnWj3jj499lnFckfCI=
golang.org/x/mod v0.4.2/go.mod h1:s0Qsj1ACt9ePp/hMypM3fl4fZqREWJwdYDEqhRiZZUA=
golang.org/x/net v0.0.0-20190404232315-eb5bcb51f2a3/go.mod h1:t9HGtf8HONx5eT2rtn7q6eTqICYqUVnKs3thJo3Qplg=
golang.org/x/net v0.0.0-20190620200207-3b0461eec859/go.mod h1:z5CRVTTTmAJ677TzLLGU+0bjPO0LkuOLi4/5GtJWs/s=
golang.org/x/net v0.0.0-20210405180319-a5a99cb37ef4/go.mod h1:p54w0d4576C0XHj96bSt6lcn1PtDYWL6XObtHCRCNQM=
golang.org/x/net v0.38.0 h1:vRMAPTMaeGqVhG5QyLJHqNDwecKTomGeqbnfZyKlBI8=
golang.org/x/net v0.38.0/go.mod h1:ivrbrMbzFq5J41QOQh0siUuly180yBYtLp+CKbEaFx8=
golang.org/x/sync v0.0.0-20190423024810-112230192c58/go.mod h1:RxMgew5VJxzue5/jJTE5uejpjVlOe/izrB70Jof72aM=
golang.org/x/sync v0.0.0-20210220032951-036812b2e83c/go.mod h1:RxMgew5VJxzue5/jJTE5uejpjVlOe/izrB70Jof72aM=
golang.org/x/sys v0.0.0-20190215142949-d0b11bdaac8a/go.mod h1:STP8DvDyc/dI5b8T5hshtkjS+E42TnysNCUPdjciGhY=
golang.org/x/sys v0.0.0-20190412213103-97732733099d/go.mod h1:h1NjWce9XRLGQEsW7wpKNCjG9DtNlClVuFLEZdDNbEs=
golang.org/x/sys v0.0.0-20201119102817-f84b799fce68/go.mod h1:h1NjWce9XRLGQEsW7wpKNCjG9DtNlClVuFLEZdDNbEs=
golang.org/x/sys v0.0.0-20210330210617-4fbd30eecc44/go.mod h1:h1NjWce9XRLGQEsW7wpKNCjG9DtNlClVuFLEZdDNbEs=
golang.org/x/sys v0.0.0-20210510120138-977fb7262007/go.mod h1:oPkhp1MJrh7nUepCBck5+mAzfO9JrbApNNgaTdGDITg=
golang.org/x/sys v0.32.0 h1:s77OFDvIQeibCmezSnk/q6iAfkdiQaJi4VzroCFrN20=
golang.org/x/sys v0.32.0/go.mod h1:BJP2sWEmIv4KK5OTEluFJCKSidICx8ciO85XgH3Ak8k=
golang.org/x/term v0.0.0-20201126162022-7de9c90e9dd1/go.mod h1:bj7SfCRtBDWHUb9snDiAeCFNEtKQo2Wmx5Cou7ajbmo=
golang.org/x/text v0.3.0/go.mod h1:NqM8EUOU14njkJ3fqMW+pc6Ldnwhi/IjpwHt7yyuwOQ=
golang.org/x/text v0.3.3/go.mod h1:5Zoc/QRtKVWzQhOtBMvqHzDpF6irO9z98xDceosuGiQ=
golang.org/x/text v0.23.0 h1:D71I7dUrlY+VX0gQShAThNGHFxZ13dGLBHQLVl1mJlY=
golang.org/x/text v0.23.0/go.mod h1:/BLNzu4aZCJ1+kcD0DNRotWKage4q2rGVAg4o22unh4=
golang.org/x/tools v0.0.0-20180917221912-90fa682c2a6e/go.mod h1:n7NCudcB/nEzxVGmLbDWY5pfWTLqBcC2KZ6jyYvM4mQ=
golang.org/x/tools v0.0.0-20191119224855-298f0cb1881e/go.mod h1:b+2E5dAYhXwXZwtnZ6UAqBI28+e2cm9otk0dWdXHAEo=
golang.org/x/tools v0.1.1/go.mod h1:o0xws9oXOQQZyjljx8fwUC0k7L1pTE6eaCbjGeHmOkk=
golang.org/x/tools v0.31.0 h1:0EedkvKDbh+qistFTd0Bcwe/YLh4vHwWEkiI0toFIBU=
golang.org/x/tools v0.31.0/go.mod h1:naFTU+Cev749tSJRXJlna0T3WxKvb1kWEx15xA4SdmQ=
golang.org/x/xerrors v0.0.0-20190717185122-a985d3407aa7/go.mod h1:I/5z698sn9Ka8TeJc9MKroUUfqBBauWjQqLJ2OPfmY0=
golang.org/x/xerrors v0.0.0-20191011141410-1b5146add898/go.mod h1:I/5z698sn9Ka8TeJc9MKroUUfqBBauWjQqLJ2OPfmY0=
golang.org/x/xerrors v0.0.0-20200804184101-5ec99f83aff1/go.mod h1:I/5z698sn9Ka8TeJc9MKroUUfqBBauWjQqLJ2OPfmY0=
google.golang.org/protobuf v1.36.5 h1:tPhr+woSbjfYvY6/GPufUoYizxw1cF/yFoxJ2fmpwlM=
google.golang.org/protobuf v1.36.5/go.mod h1:9fA7Ob0pmnwhb644+1+CVWFRbNajQ6iRojtC/QF5bRE=
gopkg.in/check.v1 v0.0.0-20161208181325-20d25e280405/go.mod h1:Co6ibVJAznAaIkqp8huTwlJQCZ016jof/cbN4VW5Yz0=
gopkg.in/check.v1 v1.0.0-20180628173108-788fd7840127 h1:qIbj1fsPNlZgppZ+VLlY7N33q108Sa+fhmuc+sWQYwY=
gopkg.in/check.v1 v1.0.0-20180628173108-788fd7840127/go.mod h1:Co6ibVJAznAaIkqp8huTwlJQCZ016jof/cbN4VW5Yz0=
gopkg.in/yaml.v3 v3.0.1 h1:fxVm/GzAzEWqLHuvctI91KS9hhNmmWOoWu0XTYJS7CA=
gopkg.in/yaml.v3 v3.0.1/go.mod h1:K4uyk7z7BCEPqu6E+C64Yfv1cQ7kz7rIZviUmN+EgEM=
